// !$*UTF8*$!
{
	archiveVersion = 1;
	classes = {
	};
	objectVersion = 50;
	objects = {

/* Begin PBXBuildFile section */
		E32A64C125CC4E50000734BB /* AppDelegate.m in Sources */ = {isa = PBXBuildFile; fileRef = E32A64C025CC4E50000734BB /* AppDelegate.m */; };
		E32A64C425CC4E50000734BB /* SceneDelegate.m in Sources */ = {isa = PBXBuildFile; fileRef = E32A64C325CC4E50000734BB /* SceneDelegate.m */; };
		E32A64C725CC4E50000734BB /* ViewController.m in Sources */ = {isa = PBXBuildFile; fileRef = E32A64C625CC4E50000734BB /* ViewController.m */; };
		E32A64CA25CC4E50000734BB /* Main.storyboard in Resources */ = {isa = PBXBuildFile; fileRef = E32A64C825CC4E50000734BB /* Main.storyboard */; settings = {ASSET_TAGS = (0, ); }; };
		E32A64CC25CC4E51000734BB /* Assets.xcassets in Resources */ = {isa = PBXBuildFile; fileRef = E32A64CB25CC4E51000734BB /* Assets.xcassets */; };
		E32A64CF25CC4E51000734BB /* LaunchScreen.storyboard in Resources */ = {isa = PBXBuildFile; fileRef = E32A64CD25CC4E51000734BB /* LaunchScreen.storyboard */; };
		E32A64D225CC4E51000734BB /* main.m in Sources */ = {isa = PBXBuildFile; fileRef = E32A64D125CC4E51000734BB /* main.m */; };
		E32A64DC25CC4EDF000734BB /* Sudoku.m in Sources */ = {isa = PBXBuildFile; fileRef = E32A64DB25CC4EDF000734BB /* Sudoku.m */; };
/* End PBXBuildFile section */

/* Begin PBXFileReference section */
		E32A64BC25CC4E50000734BB /* Sudoku SOlver.app */ = {isa = PBXFileReference; explicitFileType = wrapper.application; includeInIndex = 0; path = "Sudoku SOlver.app"; sourceTree = BUILT_PRODUCTS_DIR; };
		E32A64BF25CC4E50000734BB /* AppDelegate.h */ = {isa = PBXFileReference; lastKnownFileType = sourcecode.c.h; path = AppDelegate.h; sourceTree = "<group>"; };
		E32A64C025CC4E50000734BB /* AppDelegate.m */ = {isa = PBXFileReference; lastKnownFileType = sourcecode.c.objc; path = AppDelegate.m; sourceTree = "<group>"; };
		E32A64C225CC4E50000734BB /* SceneDelegate.h */ = {isa = PBXFileReference; lastKnownFileType = sourcecode.c.h; path = SceneDelegate.h; sourceTree = "<group>"; };
		E32A64C325CC4E50000734BB /* SceneDelegate.m */ = {isa = PBXFileReference; lastKnownFileType = sourcecode.c.objc; path = SceneDelegate.m; sourceTree = "<group>"; };
		E32A64C525CC4E50000734BB /* ViewController.h */ = {isa = PBXFileReference; lastKnownFileType = sourcecode.c.h; path = ViewController.h; sourceTree = "<group>"; };
		E32A64C625CC4E50000734BB /* ViewController.m */ = {isa = PBXFileReference; lastKnownFileType = sourcecode.c.objc; path = ViewController.m; sourceTree = "<group>"; };
		E32A64C925CC4E50000734BB /* Base */ = {isa = PBXFileReference; lastKnownFileType = file.storyboard; name = Base; path = Base.lproj/Main.storyboard; sourceTree = "<group>"; };
		E32A64CB25CC4E51000734BB /* Assets.xcassets */ = {isa = PBXFileReference; lastKnownFileType = folder.assetcatalog; path = Assets.xcassets; sourceTree = "<group>"; };
		E32A64CE25CC4E51000734BB /* Base */ = {isa = PBXFileReference; lastKnownFileType = file.storyboard; name = Base; path = Base.lproj/LaunchScreen.storyboard; sourceTree = "<group>"; };
		E32A64D025CC4E51000734BB /* Info.plist */ = {isa = PBXFileReference; lastKnownFileType = text.plist.xml; path = Info.plist; sourceTree = "<group>"; };
		E32A64D125CC4E51000734BB /* main.m */ = {isa = PBXFileReference; lastKnownFileType = sourcecode.c.objc; path = main.m; sourceTree = "<group>"; };
		E32A64DA25CC4EDF000734BB /* Sudoku.h */ = {isa = PBXFileReference; lastKnownFileType = sourcecode.c.h; path = Sudoku.h; sourceTree = "<group>"; };
		E32A64DB25CC4EDF000734BB /* Sudoku.m */ = {isa = PBXFileReference; lastKnownFileType = sourcecode.c.objc; path = Sudoku.m; sourceTree = "<group>"; };
/* End PBXFileReference section */

/* Begin PBXFrameworksBuildPhase section */
		E32A64B925CC4E50000734BB /* Frameworks */ = {
			isa = PBXFrameworksBuildPhase;
			buildActionMask = 2147483647;
			files = (
			);
			runOnlyForDeploymentPostprocessing = 0;
		};
/* End PBXFrameworksBuildPhase section */

/* Begin PBXGroup section */
		E32A64B325CC4E50000734BB = {
			isa = PBXGroup;
			children = (
				E32A64BE25CC4E50000734BB /* Sudoku SOlver */,
				E32A64BD25CC4E50000734BB /* Products */,
			);
			sourceTree = "<group>";
		};
		E32A64BD25CC4E50000734BB /* Products */ = {
			isa = PBXGroup;
			children = (
				E32A64BC25CC4E50000734BB /* Sudoku SOlver.app */,
			);
			name = Products;
			sourceTree = "<group>";
		};
		E32A64BE25CC4E50000734BB /* Sudoku SOlver */ = {
			isa = PBXGroup;
			children = (
				E32A64E025CC4EE9000734BB /* Model */,
				E32A64BF25CC4E50000734BB /* AppDelegate.h */,
				E32A64C025CC4E50000734BB /* AppDelegate.m */,
				E32A64C225CC4E50000734BB /* SceneDelegate.h */,
				E32A64C325CC4E50000734BB /* SceneDelegate.m */,
				E32A64C525CC4E50000734BB /* ViewController.h */,
				E32A64C625CC4E50000734BB /* ViewController.m */,
				E32A64C825CC4E50000734BB /* Main.storyboard */,
				E32A64CB25CC4E51000734BB /* Assets.xcassets */,
				E32A64CD25CC4E51000734BB /* LaunchScreen.storyboard */,
				E32A64D025CC4E51000734BB /* Info.plist */,
				E32A64D125CC4E51000734BB /* main.m */,
			);
			path = "Sudoku SOlver";
			sourceTree = "<group>";
		};
		E32A64E025CC4EE9000734BB /* Model */ = {
			isa = PBXGroup;
			children = (
				E32A64DA25CC4EDF000734BB /* Sudoku.h */,
				E32A64DB25CC4EDF000734BB /* Sudoku.m */,
			);
			path = Model;
			sourceTree = "<group>";
		};
/* End PBXGroup section */

/* Begin PBXNativeTarget section */
		E32A64BB25CC4E50000734BB /* Sudoku SOlver */ = {
			isa = PBXNativeTarget;
			buildConfigurationList = E32A64D525CC4E51000734BB /* Build configuration list for PBXNativeTarget "Sudoku SOlver" */;
			buildPhases = (
				E32A64B825CC4E50000734BB /* Sources */,
				E32A64B925CC4E50000734BB /* Frameworks */,
				E32A64BA25CC4E50000734BB /* Resources */,
			);
			buildRules = (
			);
			dependencies = (
			);
			name = "Sudoku SOlver";
			productName = "Sudoku SOlver";
			productReference = E32A64BC25CC4E50000734BB /* Sudoku SOlver.app */;
			productType = "com.apple.product-type.application";
		};
/* End PBXNativeTarget section */

/* Begin PBXProject section */
		E32A64B425CC4E50000734BB /* Project object */ = {
			isa = PBXProject;
			attributes = {
				KnownAssetTags = (
					0,
				);
				LastUpgradeCheck = 1230;
				TargetAttributes = {
					E32A64BB25CC4E50000734BB = {
						CreatedOnToolsVersion = 12.3;
					};
				};
			};
			buildConfigurationList = E32A64B725CC4E50000734BB /* Build configuration list for PBXProject "Sudoku SOlver" */;
			compatibilityVersion = "Xcode 9.3";
			developmentRegion = en;
			hasScannedForEncodings = 0;
			knownRegions = (
				en,
				Base,
			);
			mainGroup = E32A64B325CC4E50000734BB;
			productRefGroup = E32A64BD25CC4E50000734BB /* Products */;
			projectDirPath = "";
			projectRoot = "";
			targets = (
				E32A64BB25CC4E50000734BB /* Sudoku SOlver */,
			);
		};
/* End PBXProject section */

/* Begin PBXResourcesBuildPhase section */
		E32A64BA25CC4E50000734BB /* Resources */ = {
			isa = PBXResourcesBuildPhase;
			buildActionMask = 2147483647;
			files = (
				E32A64CF25CC4E51000734BB /* LaunchScreen.storyboard in Resources */,
				E32A64CC25CC4E51000734BB /* Assets.xcassets in Resources */,
				E32A64CA25CC4E50000734BB /* Main.storyboard in Resources */,
			);
			runOnlyForDeploymentPostprocessing = 0;
		};
/* End PBXResourcesBuildPhase section */

/* Begin PBXSourcesBuildPhase section */
		E32A64B825CC4E50000734BB /* Sources */ = {
			isa = PBXSourcesBuildPhase;
			buildActionMask = 2147483647;
			files = (
				E32A64C725CC4E50000734BB /* ViewController.m in Sources */,
				E32A64C125CC4E50000734BB /* AppDelegate.m in Sources */,
				E32A64D225CC4E51000734BB /* main.m in Sources */,
				E32A64C425CC4E50000734BB /* SceneDelegate.m in Sources */,
				E32A64DC25CC4EDF000734BB /* Sudoku.m in Sources */,
			);
			runOnlyForDeploymentPostprocessing = 0;
		};
/* End PBXSourcesBuildPhase section */

/* Begin PBXVariantGroup section */
		E32A64C825CC4E50000734BB /* Main.storyboard */ = {
			isa = PBXVariantGroup;
			children = (
				E32A64C925CC4E50000734BB /* Base */,
			);
			name = Main.storyboard;
			sourceTree = "<group>";
		};
		E32A64CD25CC4E51000734BB /* LaunchScreen.storyboard */ = {
			isa = PBXVariantGroup;
			children = (
				E32A64CE25CC4E51000734BB /* Base */,
			);
			name = LaunchScreen.storyboard;
			sourceTree = "<group>";
		};
/* End PBXVariantGroup section */

/* Begin XCBuildConfiguration section */
		E32A64D325CC4E51000734BB /* Debug */ = {
			isa = XCBuildConfiguration;
			buildSettings = {
				ALWAYS_SEARCH_USER_PATHS = NO;
				CLANG_ANALYZER_NONNULL = YES;
				CLANG_ANALYZER_NUMBER_OBJECT_CONVERSION = YES_AGGRESSIVE;
				CLANG_CXX_LANGUAGE_STANDARD = "gnu++14";
				CLANG_CXX_LIBRARY = "libc++";
				CLANG_ENABLE_MODULES = YES;
				CLANG_ENABLE_OBJC_ARC = YES;
				CLANG_ENABLE_OBJC_WEAK = YES;
				CLANG_WARN_BLOCK_CAPTURE_AUTORELEASING = YES;
				CLANG_WARN_BOOL_CONVERSION = YES;
				CLANG_WARN_COMMA = YES;
				CLANG_WARN_CONSTANT_CONVERSION = YES;
				CLANG_WARN_DEPRECATED_OBJC_IMPLEMENTATIONS = YES;
				CLANG_WARN_DIRECT_OBJC_ISA_USAGE = YES_ERROR;
				CLANG_WARN_DOCUMENTATION_COMMENTS = YES;
				CLANG_WARN_EMPTY_BODY = YES;
				CLANG_WARN_ENUM_CONVERSION = YES;
				CLANG_WARN_INFINITE_RECURSION = YES;
				CLANG_WARN_INT_CONVERSION = YES;
				CLANG_WARN_NON_LITERAL_NULL_CONVERSION = YES;
				CLANG_WARN_OBJC_IMPLICIT_RETAIN_SELF = YES;
				CLANG_WARN_OBJC_LITERAL_CONVERSION = YES;
				CLANG_WARN_OBJC_ROOT_CLASS = YES_ERROR;
				CLANG_WARN_QUOTED_INCLUDE_IN_FRAMEWORK_HEADER = YES;
				CLANG_WARN_RANGE_LOOP_ANALYSIS = YES;
				CLANG_WARN_STRICT_PROTOTYPES = YES;
				CLANG_WARN_SUSPICIOUS_MOVE = YES;
				CLANG_WARN_UNGUARDED_AVAILABILITY = YES_AGGRESSIVE;
				CLANG_WARN_UNREACHABLE_CODE = YES;
				CLANG_WARN__DUPLICATE_METHOD_MATCH = YES;
				COPY_PHASE_STRIP = NO;
				DEBUG_INFORMATION_FORMAT = dwarf;
				ENABLE_STRICT_OBJC_MSGSEND = YES;
				ENABLE_TESTABILITY = YES;
				GCC_C_LANGUAGE_STANDARD = gnu11;
				GCC_DYNAMIC_NO_PIC = NO;
				GCC_NO_COMMON_BLOCKS = YES;
				GCC_OPTIMIZATION_LEVEL = 0;
				GCC_PREPROCESSOR_DEFINITIONS = (
					"DEBUG=1",
					"$(inherited)",
				);
				GCC_WARN_64_TO_32_BIT_CONVERSION = YES;
				GCC_WARN_ABOUT_RETURN_TYPE = YES_ERROR;
				GCC_WARN_UNDECLARED_SELECTOR = YES;
				GCC_WARN_UNINITIALIZED_AUTOS = YES_AGGRESSIVE;
				GCC_WARN_UNUSED_FUNCTION = YES;
				GCC_WARN_UNUSED_VARIABLE = YES;
				IPHONEOS_DEPLOYMENT_TARGET = 14.3;
				MTL_ENABLE_DEBUG_INFO = INCLUDE_SOURCE;
				MTL_FAST_MATH = YES;
				ONLY_ACTIVE_ARCH = YES;
				SDKROOT = iphoneos;
			};
			name = Debug;
		};
		E32A64D425CC4E51000734BB /* Release */ = {
			isa = XCBuildConfiguration;
			buildSettings = {
				ALWAYS_SEARCH_USER_PATHS = NO;
				CLANG_ANALYZER_NONNULL = YES;
				CLANG_ANALYZER_NUMBER_OBJECT_CONVERSION = YES_AGGRESSIVE;
				CLANG_CXX_LANGUAGE_STANDARD = "gnu++14";
				CLANG_CXX_LIBRARY = "libc++";
				CLANG_ENABLE_MODULES = YES;
				CLANG_ENABLE_OBJC_ARC = YES;
				CLANG_ENABLE_OBJC_WEAK = YES;
				CLANG_WARN_BLOCK_CAPTURE_AUTORELEASING = YES;
				CLANG_WARN_BOOL_CONVERSION = YES;
				CLANG_WARN_COMMA = YES;
				CLANG_WARN_CONSTANT_CONVERSION = YES;
				CLANG_WARN_DEPRECATED_OBJC_IMPLEMENTATIONS = YES;
				CLANG_WARN_DIRECT_OBJC_ISA_USAGE = YES_ERROR;
				CLANG_WARN_DOCUMENTATION_COMMENTS = YES;
				CLANG_WARN_EMPTY_BODY = YES;
				CLANG_WARN_ENUM_CONVERSION = YES;
				CLANG_WARN_INFINITE_RECURSION = YES;
				CLANG_WARN_INT_CONVERSION = YES;
				CLANG_WARN_NON_LITERAL_NULL_CONVERSION = YES;
				CLANG_WARN_OBJC_IMPLICIT_RETAIN_SELF = YES;
				CLANG_WARN_OBJC_LITERAL_CONVERSION = YES;
				CLANG_WARN_OBJC_ROOT_CLASS = YES_ERROR;
				CLANG_WARN_QUOTED_INCLUDE_IN_FRAMEWORK_HEADER = YES;
				CLANG_WARN_RANGE_LOOP_ANALYSIS = YES;
				CLANG_WARN_STRICT_PROTOTYPES = YES;
				CLANG_WARN_SUSPICIOUS_MOVE = YES;
				CLANG_WARN_UNGUARDED_AVAILABILITY = YES_AGGRESSIVE;
				CLANG_WARN_UNREACHABLE_CODE = YES;
				CLANG_WARN__DUPLICATE_METHOD_MATCH = YES;
				COPY_PHASE_STRIP = NO;
				DEBUG_INFORMATION_FORMAT = "dwarf-with-dsym";
				ENABLE_NS_ASSERTIONS = NO;
				ENABLE_STRICT_OBJC_MSGSEND = YES;
				GCC_C_LANGUAGE_STANDARD = gnu11;
				GCC_NO_COMMON_BLOCKS = YES;
				GCC_WARN_64_TO_32_BIT_CONVERSION = YES;
				GCC_WARN_ABOUT_RETURN_TYPE = YES_ERROR;
				GCC_WARN_UNDECLARED_SELECTOR = YES;
				GCC_WARN_UNINITIALIZED_AUTOS = YES_AGGRESSIVE;
				GCC_WARN_UNUSED_FUNCTION = YES;
				GCC_WARN_UNUSED_VARIABLE = YES;
				IPHONEOS_DEPLOYMENT_TARGET = 14.3;
				MTL_ENABLE_DEBUG_INFO = NO;
				MTL_FAST_MATH = YES;
				SDKROOT = iphoneos;
				VALIDATE_PRODUCT = YES;
			};
			name = Release;
		};
		E32A64D625CC4E51000734BB /* Debug */ = {
			isa = XCBuildConfiguration;
			buildSettings = {
				ASSETCATALOG_COMPILER_APPICON_NAME = AppIcon;
				ASSETCATALOG_COMPILER_GLOBAL_ACCENT_COLOR_NAME = AccentColor;
				CODE_SIGN_STYLE = Automatic;
				DEVELOPMENT_TEAM = K989NG5LF2;
				INFOPLIST_FILE = "Sudoku SOlver/Info.plist";
				LD_RUNPATH_SEARCH_PATHS = (
					"$(inherited)",
					"@executable_path/Frameworks",
				);
				PRODUCT_BUNDLE_IDENTIFIER = "com.Demo.Sudoku-SOlver";
				PRODUCT_NAME = "$(TARGET_NAME)";
				TARGETED_DEVICE_FAMILY = "1,2";
			};
			name = Debug;
		};
		E32A64D725CC4E51000734BB /* Release */ = {
			isa = XCBuildConfiguration;
			buildSettings = {
				ASSETCATALOG_COMPILER_APPICON_NAME = AppIcon;
				ASSETCATALOG_COMPILER_GLOBAL_ACCENT_COLOR_NAME = AccentColor;
				CODE_SIGN_STYLE = Automatic;
				DEVELOPMENT_TEAM = K989NG5LF2;
				INFOPLIST_FILE = "Sudoku SOlver/Info.plist";
				LD_RUNPATH_SEARCH_PATHS = (
					"$(inherited)",
					"@executable_path/Frameworks",
				);
				PRODUCT_BUNDLE_IDENTIFIER = "com.Demo.Sudoku-SOlver";
				PRODUCT_NAME = "$(TARGET_NAME)";
				TARGETED_DEVICE_FAMILY = "1,2";
			};
			name = Release;
		};
/* End XCBuildConfiguration section */

/* Begin XCConfigurationList section */
		E32A64B725CC4E50000734BB /* Build configuration list for PBXProject "Sudoku SOlver" */ = {
			isa = XCConfigurationList;
			buildConfigurations = (
				E32A64D325CC4E51000734BB /* Debug */,
				E32A64D425CC4E51000734BB /* Release */,
			);
			defaultConfigurationIsVisible = 0;
			defaultConfigurationName = Release;
		};
		E32A64D525CC4E51000734BB /* Build configuration list for PBXNativeTarget "Sudoku SOlver" */ = {
			isa = XCConfigurationList;
			buildConfigurations = (
				E32A64D625CC4E51000734BB /* Debug */,
				E32A64D725CC4E51000734BB /* Release */,
			);
			defaultConfigurationIsVisible = 0;
			defaultConfigurationName = Release;
		};
/* End XCConfigurationList section */
	};
	rootObject = E32A64B425CC4E50000734BB /* Project object */;
}
