// !$*UTF8*$!
{
	archiveVersion = 1;
	classes = {
	};
	objectVersion = 50;
	objects = {

/* Begin PBXBuildFile section */
		E3AA4F7024D615AC0008BBCE /* AppDelegate.swift in Sources */ = {isa = PBXBuildFile; fileRef = E3AA4F6F24D615AC0008BBCE /* AppDelegate.swift */; };
		E3AA4F7224D615AC0008BBCE /* SceneDelegate.swift in Sources */ = {isa = PBXBuildFile; fileRef = E3AA4F7124D615AC0008BBCE /* SceneDelegate.swift */; };
		E3AA4F7424D615AC0008BBCE /* ContentView.swift in Sources */ = {isa = PBXBuildFile; fileRef = E3AA4F7324D615AC0008BBCE /* ContentView.swift */; };
		E3AA4F7624D615C30008BBCE /* Assets.xcassets in Resources */ = {isa = PBXBuildFile; fileRef = E3AA4F7524D615C30008BBCE /* Assets.xcassets */; };
		E3AA4F7924D615C30008BBCE /* Preview Assets.xcassets in Resources */ = {isa = PBXBuildFile; fileRef = E3AA4F7824D615C30008BBCE /* Preview Assets.xcassets */; };
		E3AA4F7C24D615C30008BBCE /* LaunchScreen.storyboard in Resources */ = {isa = PBXBuildFile; fileRef = E3AA4F7A24D615C30008BBCE /* LaunchScreen.storyboard */; };
		E3AA4F8424D61B610008BBCE /* Roman.swift in Sources */ = {isa = PBXBuildFile; fileRef = E3AA4F8324D61B610008BBCE /* Roman.swift */; };
		E3AA4F8624D6295B0008BBCE /* Conversion.swift in Sources */ = {isa = PBXBuildFile; fileRef = E3AA4F8524D6295B0008BBCE /* Conversion.swift */; };
/* End PBXBuildFile section */

/* Begin PBXFileReference section */
		E3AA4F6C24D615AC0008BBCE /* RomanNumeralsConverter.app */ = {isa = PBXFileReference; explicitFileType = wrapper.application; includeInIndex = 0; path = RomanNumeralsConverter.app; sourceTree = BUILT_PRODUCTS_DIR; };
		E3AA4F6F24D615AC0008BBCE /* AppDelegate.swift */ = {isa = PBXFileReference; lastKnownFileType = sourcecode.swift; path = AppDelegate.swift; sourceTree = "<group>"; };
		E3AA4F7124D615AC0008BBCE /* SceneDelegate.swift */ = {isa = PBXFileReference; lastKnownFileType = sourcecode.swift; path = SceneDelegate.swift; sourceTree = "<group>"; };
		E3AA4F7324D615AC0008BBCE /* ContentView.swift */ = {isa = PBXFileReference; lastKnownFileType = sourcecode.swift; path = ContentView.swift; sourceTree = "<group>"; };
		E3AA4F7524D615C30008BBCE /* Assets.xcassets */ = {isa = PBXFileReference; lastKnownFileType = folder.assetcatalog; path = Assets.xcassets; sourceTree = "<group>"; };
		E3AA4F7824D615C30008BBCE /* Preview Assets.xcassets */ = {isa = PBXFileReference; lastKnownFileType = folder.assetcatalog; path = "Preview Assets.xcassets"; sourceTree = "<group>"; };
		E3AA4F7B24D615C30008BBCE /* Base */ = {isa = PBXFileReference; lastKnownFileType = file.storyboard; name = Base; path = Base.lproj/LaunchScreen.storyboard; sourceTree = "<group>"; };
		E3AA4F7D24D615C30008BBCE /* Info.plist */ = {isa = PBXFileReference; lastKnownFileType = text.plist.xml; path = Info.plist; sourceTree = "<group>"; };
		E3AA4F8324D61B610008BBCE /* Roman.swift */ = {isa = PBXFileReference; lastKnownFileType = sourcecode.swift; path = Roman.swift; sourceTree = "<group>"; };
		E3AA4F8524D6295B0008BBCE /* Conversion.swift */ = {isa = PBXFileReference; lastKnownFileType = sourcecode.swift; path = Conversion.swift; sourceTree = "<group>"; };
/* End PBXFileReference section */

/* Begin PBXFrameworksBuildPhase section */
		E3AA4F6924D615AC0008BBCE /* Frameworks */ = {
			isa = PBXFrameworksBuildPhase;
			buildActionMask = 2147483647;
			files = (
			);
			runOnlyForDeploymentPostprocessing = 0;
		};
/* End PBXFrameworksBuildPhase section */

/* Begin PBXGroup section */
		E3AA4F6324D615AC0008BBCE = {
			isa = PBXGroup;
			children = (
				E3AA4F6E24D615AC0008BBCE /* RomanNumeralsConverter */,
				E3AA4F6D24D615AC0008BBCE /* Products */,
			);
			sourceTree = "<group>";
		};
		E3AA4F6D24D615AC0008BBCE /* Products */ = {
			isa = PBXGroup;
			children = (
				E3AA4F6C24D615AC0008BBCE /* RomanNumeralsConverter.app */,
			);
			name = Products;
			sourceTree = "<group>";
		};
		E3AA4F6E24D615AC0008BBCE /* RomanNumeralsConverter */ = {
			isa = PBXGroup;
			children = (
				E3AA4F6F24D615AC0008BBCE /* AppDelegate.swift */,
				E3AA4F7124D615AC0008BBCE /* SceneDelegate.swift */,
				E3AA4F7324D615AC0008BBCE /* ContentView.swift */,
				E3AA4F8524D6295B0008BBCE /* Conversion.swift */,
				E3AA4F7524D615C30008BBCE /* Assets.xcassets */,
				E3AA4F7A24D615C30008BBCE /* LaunchScreen.storyboard */,
				E3AA4F7D24D615C30008BBCE /* Info.plist */,
				E3AA4F7724D615C30008BBCE /* Preview Content */,
				E3AA4F8324D61B610008BBCE /* Roman.swift */,
			);
			path = RomanNumeralsConverter;
			sourceTree = "<group>";
		};
		E3AA4F7724D615C30008BBCE /* Preview Content */ = {
			isa = PBXGroup;
			children = (
				E3AA4F7824D615C30008BBCE /* Preview Assets.xcassets */,
			);
			path = "Preview Content";
			sourceTree = "<group>";
		};
/* End PBXGroup section */

/* Begin PBXNativeTarget section */
		E3AA4F6B24D615AC0008BBCE /* RomanNumeralsConverter */ = {
			isa = PBXNativeTarget;
			buildConfigurationList = E3AA4F8024D615C30008BBCE /* Build configuration list for PBXNativeTarget "RomanNumeralsConverter" */;
			buildPhases = (
				E3AA4F6824D615AC0008BBCE /* Sources */,
				E3AA4F6924D615AC0008BBCE /* Frameworks */,
				E3AA4F6A24D615AC0008BBCE /* Resources */,
			);
			buildRules = (
			);
			dependencies = (
			);
			name = RomanNumeralsConverter;
			productName = RomanNumeralsConverter;
			productReference = E3AA4F6C24D615AC0008BBCE /* RomanNumeralsConverter.app */;
			productType = "com.apple.product-type.application";
		};
/* End PBXNativeTarget section */

/* Begin PBXProject section */
		E3AA4F6424D615AC0008BBCE /* Project object */ = {
			isa = PBXProject;
			attributes = {
				LastSwiftUpdateCheck = 1130;
				LastUpgradeCheck = 1130;
				ORGANIZATIONNAME = "Cosme Jordan";
				TargetAttributes = {
					E3AA4F6B24D615AC0008BBCE = {
						CreatedOnToolsVersion = 11.3.1;
					};
				};
			};
			buildConfigurationList = E3AA4F6724D615AC0008BBCE /* Build configuration list for PBXProject "RomanNumeralsConverter" */;
			compatibilityVersion = "Xcode 9.3";
			developmentRegion = en;
			hasScannedForEncodings = 0;
			knownRegions = (
				en,
				Base,
			);
			mainGroup = E3AA4F6324D615AC0008BBCE;
			productRefGroup = E3AA4F6D24D615AC0008BBCE /* Products */;
			projectDirPath = "";
			projectRoot = "";
			targets = (
				E3AA4F6B24D615AC0008BBCE /* RomanNumeralsConverter */,
			);
		};
/* End PBXProject section */

/* Begin PBXResourcesBuildPhase section */
		E3AA4F6A24D615AC0008BBCE /* Resources */ = {
			isa = PBXResourcesBuildPhase;
			buildActionMask = 2147483647;
			files = (
				E3AA4F7C24D615C30008BBCE /* LaunchScreen.storyboard in Resources */,
				E3AA4F7924D615C30008BBCE /* Preview Assets.xcassets in Resources */,
				E3AA4F7624D615C30008BBCE /* Assets.xcassets in Resources */,
			);
			runOnlyForDeploymentPostprocessing = 0;
		};
/* End PBXResourcesBuildPhase section */

/* Begin PBXSourcesBuildPhase section */
		E3AA4F6824D615AC0008BBCE /* Sources */ = {
			isa = PBXSourcesBuildPhase;
			buildActionMask = 2147483647;
			files = (
				E3AA4F7024D615AC0008BBCE /* AppDelegate.swift in Sources */,
				E3AA4F8624D6295B0008BBCE /* Conversion.swift in Sources */,
				E3AA4F7224D615AC0008BBCE /* SceneDelegate.swift in Sources */,
				E3AA4F7424D615AC0008BBCE /* ContentView.swift in Sources */,
				E3AA4F8424D61B610008BBCE /* Roman.swift in Sources */,
			);
			runOnlyForDeploymentPostprocessing = 0;
		};
/* End PBXSourcesBuildPhase section */

/* Begin PBXVariantGroup section */
		E3AA4F7A24D615C30008BBCE /* LaunchScreen.storyboard */ = {
			isa = PBXVariantGroup;
			children = (
				E3AA4F7B24D615C30008BBCE /* Base */,
			);
			name = LaunchScreen.storyboard;
			sourceTree = "<group>";
		};
/* End PBXVariantGroup section */

/* Begin XCBuildConfiguration section */
		E3AA4F7E24D615C30008BBCE /* Debug */ = {
			isa = XCBuildConfiguration;
			buildSettings = {
				ALWAYS_SEARCH_USER_PATHS = NO;
				CLANG_ANALYZER_NONNULL = YES;
				CLANG_ANALYZER_NUMBER_OBJECT_CONVERSION = YES_AGGRESSIVE;
				CLANG_CXX_LANGUAGE_STANDARD = "gnu++14";
				CLANG_CXX_LIBRARY = "libc++";
				CLANG_ENABLE_MODULES = YES;
				CLANG_ENABLE_OBJC_ARC = YES;
				CLANG_ENABLE_OBJC_WEAK = YES;
				CLANG_WARN_BLOCK_CAPTURE_AUTORELEASING = YES;
				CLANG_WARN_BOOL_CONVERSION = YES;
				CLANG_WARN_COMMA = YES;
				CLANG_WARN_CONSTANT_CONVERSION = YES;
				CLANG_WARN_DEPRECATED_OBJC_IMPLEMENTATIONS = YES;
				CLANG_WARN_DIRECT_OBJC_ISA_USAGE = YES_ERROR;
				CLANG_WARN_DOCUMENTATION_COMMENTS = YES;
				CLANG_WARN_EMPTY_BODY = YES;
				CLANG_WARN_ENUM_CONVERSION = YES;
				CLANG_WARN_INFINITE_RECURSION = YES;
				CLANG_WARN_INT_CONVERSION = YES;
				CLANG_WARN_NON_LITERAL_NULL_CONVERSION = YES;
				CLANG_WARN_OBJC_IMPLICIT_RETAIN_SELF = YES;
				CLANG_WARN_OBJC_LITERAL_CONVERSION = YES;
				CLANG_WARN_OBJC_ROOT_CLASS = YES_ERROR;
				CLANG_WARN_RANGE_LOOP_ANALYSIS = YES;
				CLANG_WARN_STRICT_PROTOTYPES = YES;
				CLANG_WARN_SUSPICIOUS_MOVE = YES;
				CLANG_WARN_UNGUARDED_AVAILABILITY = YES_AGGRESSIVE;
				CLANG_WARN_UNREACHABLE_CODE = YES;
				CLANG_WARN__DUPLICATE_METHOD_MATCH = YES;
				COPY_PHASE_STRIP = NO;
				DEBUG_INFORMATION_FORMAT = dwarf;
				ENABLE_STRICT_OBJC_MSGSEND = YES;
				ENABLE_TESTABILITY = YES;
				GCC_C_LANGUAGE_STANDARD = gnu11;
				GCC_DYNAMIC_NO_PIC = NO;
				GCC_NO_COMMON_BLOCKS = YES;
				GCC_OPTIMIZATION_LEVEL = 0;
				GCC_PREPROCESSOR_DEFINITIONS = (
					"DEBUG=1",
					"$(inherited)",
				);
				GCC_WARN_64_TO_32_BIT_CONVERSION = YES;
				GCC_WARN_ABOUT_RETURN_TYPE = YES_ERROR;
				GCC_WARN_UNDECLARED_SELECTOR = YES;
				GCC_WARN_UNINITIALIZED_AUTOS = YES_AGGRESSIVE;
				GCC_WARN_UNUSED_FUNCTION = YES;
				GCC_WARN_UNUSED_VARIABLE = YES;
				IPHONEOS_DEPLOYMENT_TARGET = 13.2;
				MTL_ENABLE_DEBUG_INFO = INCLUDE_SOURCE;
				MTL_FAST_MATH = YES;
				ONLY_ACTIVE_ARCH = YES;
				SDKROOT = iphoneos;
				SWIFT_ACTIVE_COMPILATION_CONDITIONS = DEBUG;
				SWIFT_OPTIMIZATION_LEVEL = "-Onone";
			};
			name = Debug;
		};
		E3AA4F7F24D615C30008BBCE /* Release */ = {
			isa = XCBuildConfiguration;
			buildSettings = {
				ALWAYS_SEARCH_USER_PATHS = NO;
				CLANG_ANALYZER_NONNULL = YES;
				CLANG_ANALYZER_NUMBER_OBJECT_CONVERSION = YES_AGGRESSIVE;
				CLANG_CXX_LANGUAGE_STANDARD = "gnu++14";
				CLANG_CXX_LIBRARY = "libc++";
				CLANG_ENABLE_MODULES = YES;
				CLANG_ENABLE_OBJC_ARC = YES;
				CLANG_ENABLE_OBJC_WEAK = YES;
				CLANG_WARN_BLOCK_CAPTURE_AUTORELEASING = YES;
				CLANG_WARN_BOOL_CONVERSION = YES;
				CLANG_WARN_COMMA = YES;
				CLANG_WARN_CONSTANT_CONVERSION = YES;
				CLANG_WARN_DEPRECATED_OBJC_IMPLEMENTATIONS = YES;
				CLANG_WARN_DIRECT_OBJC_ISA_USAGE = YES_ERROR;
				CLANG_WARN_DOCUMENTATION_COMMENTS = YES;
				CLANG_WARN_EMPTY_BODY = YES;
				CLANG_WARN_ENUM_CONVERSION = YES;
				CLANG_WARN_INFINITE_RECURSION = YES;
				CLANG_WARN_INT_CONVERSION = YES;
				CLANG_WARN_NON_LITERAL_NULL_CONVERSION = YES;
				CLANG_WARN_OBJC_IMPLICIT_RETAIN_SELF = YES;
				CLANG_WARN_OBJC_LITERAL_CONVERSION = YES;
				CLANG_WARN_OBJC_ROOT_CLASS = YES_ERROR;
				CLANG_WARN_RANGE_LOOP_ANALYSIS = YES;
				CLANG_WARN_STRICT_PROTOTYPES = YES;
				CLANG_WARN_SUSPICIOUS_MOVE = YES;
				CLANG_WARN_UNGUARDED_AVAILABILITY = YES_AGGRESSIVE;
				CLANG_WARN_UNREACHABLE_CODE = YES;
				CLANG_WARN__DUPLICATE_METHOD_MATCH = YES;
				COPY_PHASE_STRIP = NO;
				DEBUG_INFORMATION_FORMAT = "dwarf-with-dsym";
				ENABLE_NS_ASSERTIONS = NO;
				ENABLE_STRICT_OBJC_MSGSEND = YES;
				GCC_C_LANGUAGE_STANDARD = gnu11;
				GCC_NO_COMMON_BLOCKS = YES;
				GCC_WARN_64_TO_32_BIT_CONVERSION = YES;
				GCC_WARN_ABOUT_RETURN_TYPE = YES_ERROR;
				GCC_WARN_UNDECLARED_SELECTOR = YES;
				GCC_WARN_UNINITIALIZED_AUTOS = YES_AGGRESSIVE;
				GCC_WARN_UNUSED_FUNCTION = YES;
				GCC_WARN_UNUSED_VARIABLE = YES;
				IPHONEOS_DEPLOYMENT_TARGET = 13.2;
				MTL_ENABLE_DEBUG_INFO = NO;
				MTL_FAST_MATH = YES;
				SDKROOT = iphoneos;
				SWIFT_COMPILATION_MODE = wholemodule;
				SWIFT_OPTIMIZATION_LEVEL = "-O";
				VALIDATE_PRODUCT = YES;
			};
			name = Release;
		};
		E3AA4F8124D615C30008BBCE /* Debug */ = {
			isa = XCBuildConfiguration;
			buildSettings = {
				ASSETCATALOG_COMPILER_APPICON_NAME = AppIcon;
				CODE_SIGN_STYLE = Automatic;
				DEVELOPMENT_ASSET_PATHS = "\"RomanNumeralsConverter/Preview Content\"";
				DEVELOPMENT_TEAM = K989NG5LF2;
				ENABLE_PREVIEWS = YES;
				INFOPLIST_FILE = RomanNumeralsConverter/Info.plist;
				LD_RUNPATH_SEARCH_PATHS = (
					"$(inherited)",
					"@executable_path/Frameworks",
				);
				PRODUCT_BUNDLE_IDENTIFIER = com.Demo.RomanNumeralsConverter;
				PRODUCT_NAME = "$(TARGET_NAME)";
				SWIFT_VERSION = 5.0;
				TARGETED_DEVICE_FAMILY = "1,2";
			};
			name = Debug;
		};
		E3AA4F8224D615C30008BBCE /* Release */ = {
			isa = XCBuildConfiguration;
			buildSettings = {
				ASSETCATALOG_COMPILER_APPICON_NAME = AppIcon;
				CODE_SIGN_STYLE = Automatic;
				DEVELOPMENT_ASSET_PATHS = "\"RomanNumeralsConverter/Preview Content\"";
				DEVELOPMENT_TEAM = K989NG5LF2;
				ENABLE_PREVIEWS = YES;
				INFOPLIST_FILE = RomanNumeralsConverter/Info.plist;
				LD_RUNPATH_SEARCH_PATHS = (
					"$(inherited)",
					"@executable_path/Frameworks",
				);
				PRODUCT_BUNDLE_IDENTIFIER = com.Demo.RomanNumeralsConverter;
				PRODUCT_NAME = "$(TARGET_NAME)";
				SWIFT_VERSION = 5.0;
				TARGETED_DEVICE_FAMILY = "1,2";
			};
			name = Release;
		};
/* End XCBuildConfiguration section */

/* Begin XCConfigurationList section */
		E3AA4F6724D615AC0008BBCE /* Build configuration list for PBXProject "RomanNumeralsConverter" */ = {
			isa = XCConfigurationList;
			buildConfigurations = (
				E3AA4F7E24D615C30008BBCE /* Debug */,
				E3AA4F7F24D615C30008BBCE /* Release */,
			);
			defaultConfigurationIsVisible = 0;
			defaultConfigurationName = Release;
		};
		E3AA4F8024D615C30008BBCE /* Build configuration list for PBXNativeTarget "RomanNumeralsConverter" */ = {
			isa = XCConfigurationList;
			buildConfigurations = (
				E3AA4F8124D615C30008BBCE /* Debug */,
				E3AA4F8224D615C30008BBCE /* Release */,
			);
			defaultConfigurationIsVisible = 0;
			defaultConfigurationName = Release;
		};
/* End XCConfigurationList section */
	};
	rootObject = E3AA4F6424D615AC0008BBCE /* Project object */;
}
